
Microsoft Visual Studio Solution File, Format Version 12.00
# Visual Studio Version 16
VisualStudioVersion = 16.0.31515.178
MinimumVisualStudioVersion = 10.0.40219.1
Project("{FAE04EC0-301F-11D3-BF4B-00C04F79EFBC}") = "Cukraszda", "Cukraszda.csproj", "{28D8039E-44FE-4108-AEE9-D30EE2ABD092}"
EndProject
Global
	GlobalSection(SolutionConfigurationPlatforms) = preSolution
		Debug|Any CPU = Debug|Any CPU
		Release|Any CPU = Release|Any CPU
	EndGlobalSection
	GlobalSection(ProjectConfigurationPlatforms) = postSolution
		{28D8039E-44FE-4108-AEE9-D30EE2ABD092}.Debug|Any CPU.ActiveCfg = Debug|Any CPU
		{28D8039E-44FE-4108-AEE9-D30EE2ABD092}.Debug|Any CPU.Build.0 = Debug|Any CPU
		{28D8039E-44FE-4108-AEE9-D30EE2ABD092}.Release|Any CPU.ActiveCfg = Release|Any CPU
		{28D8039E-44FE-4108-AEE9-D30EE2ABD092}.Release|Any CPU.Build.0 = Release|Any CPU
	EndGlobalSection
	GlobalSection(SolutionProperties) = preSolution
		HideSolutionNode = FALSE
	EndGlobalSection
	GlobalSection(ExtensibilityGlobals) = postSolution
		SolutionGuid = {B5E2209D-D125-456F-BBC1-A3D746DA08F2}
	EndGlobalSection
EndGlobal
